// !$*UTF8*$!
{
	archiveVersion = 1;
	classes = {
	};
	objectVersion = 46;
	objects = {

/* Begin PBXBuildFile section */
		9738E4411F604B4400E61D16 /* HomeCell.swift in Sources */ = {isa = PBXBuildFile; fileRef = 9738E4401F604B4400E61D16 /* HomeCell.swift */; };
		97AB70AF1F5F00F10054CA9B /* AppDelegate.swift in Sources */ = {isa = PBXBuildFile; fileRef = 97AB70AE1F5F00F10054CA9B /* AppDelegate.swift */; };
		97AB70B41F5F00F10054CA9B /* Main.storyboard in Resources */ = {isa = PBXBuildFile; fileRef = 97AB70B21F5F00F10054CA9B /* Main.storyboard */; };
		97AB70B61F5F00F10054CA9B /* Assets.xcassets in Resources */ = {isa = PBXBuildFile; fileRef = 97AB70B51F5F00F10054CA9B /* Assets.xcassets */; };
		97AB70B91F5F00F10054CA9B /* LaunchScreen.storyboard in Resources */ = {isa = PBXBuildFile; fileRef = 97AB70B71F5F00F10054CA9B /* LaunchScreen.storyboard */; };
		97AB70C11F5F02270054CA9B /* GoogleService-Info.plist in Resources */ = {isa = PBXBuildFile; fileRef = 97AB70C01F5F02270054CA9B /* GoogleService-Info.plist */; };
		97AB70C81F5F038C0054CA9B /* UserService.swift in Sources */ = {isa = PBXBuildFile; fileRef = 97AB70C71F5F038C0054CA9B /* UserService.swift */; };
		97AB70CA1F5F03B10054CA9B /* AuthViewController.swift in Sources */ = {isa = PBXBuildFile; fileRef = 97AB70C91F5F03B10054CA9B /* AuthViewController.swift */; };
		97AB70CC1F5F044D0054CA9B /* FirebasePaths.swift in Sources */ = {isa = PBXBuildFile; fileRef = 97AB70CB1F5F044D0054CA9B /* FirebasePaths.swift */; };
		97AB70CE1F5F05B00054CA9B /* HomeViewController.swift in Sources */ = {isa = PBXBuildFile; fileRef = 97AB70CD1F5F05B00054CA9B /* HomeViewController.swift */; };
		97AB70D01F5F08310054CA9B /* NewMessageViewController.swift in Sources */ = {isa = PBXBuildFile; fileRef = 97AB70CF1F5F08310054CA9B /* NewMessageViewController.swift */; };
		97AB70D21F5F09A10054CA9B /* ChatViewController.swift in Sources */ = {isa = PBXBuildFile; fileRef = 97AB70D11F5F09A10054CA9B /* ChatViewController.swift */; };
		97AB70D41F5F0DAA0054CA9B /* User.swift in Sources */ = {isa = PBXBuildFile; fileRef = 97AB70D31F5F0DAA0054CA9B /* User.swift */; };
		97AB70D61F5F32560054CA9B /* Message.swift in Sources */ = {isa = PBXBuildFile; fileRef = 97AB70D51F5F32560054CA9B /* Message.swift */; };
		97AB70D81F5F32EF0054CA9B /* MessageService.swift in Sources */ = {isa = PBXBuildFile; fileRef = 97AB70D71F5F32EF0054CA9B /* MessageService.swift */; };
		97AB70DA1F5F406B0054CA9B /* ChatCell.swift in Sources */ = {isa = PBXBuildFile; fileRef = 97AB70D91F5F406B0054CA9B /* ChatCell.swift */; };
		98287672D5184AC74C77D14B /* Pods_FirebaseChatDF.framework in Frameworks */ = {isa = PBXBuildFile; fileRef = 2308B3D84268E5A8CD44DF11 /* Pods_FirebaseChatDF.framework */; };
/* End PBXBuildFile section */

/* Begin PBXFileReference section */
		2308B3D84268E5A8CD44DF11 /* Pods_FirebaseChatDF.framework */ = {isa = PBXFileReference; explicitFileType = wrapper.framework; includeInIndex = 0; path = Pods_FirebaseChatDF.framework; sourceTree = BUILT_PRODUCTS_DIR; };
		6CACEEE7A0D4A392812AA809 /* Pods-FirebaseChatDF.release.xcconfig */ = {isa = PBXFileReference; includeInIndex = 1; lastKnownFileType = text.xcconfig; name = "Pods-FirebaseChatDF.release.xcconfig"; path = "Pods/Target Support Files/Pods-FirebaseChatDF/Pods-FirebaseChatDF.release.xcconfig"; sourceTree = "<group>"; };
		9738E4401F604B4400E61D16 /* HomeCell.swift */ = {isa = PBXFileReference; fileEncoding = 4; lastKnownFileType = sourcecode.swift; name = HomeCell.swift; path = Views/HomeCell.swift; sourceTree = "<group>"; };
		97AB70AB1F5F00F10054CA9B /* FirebaseChatDF.app */ = {isa = PBXFileReference; explicitFileType = wrapper.application; includeInIndex = 0; path = FirebaseChatDF.app; sourceTree = BUILT_PRODUCTS_DIR; };
		97AB70AE1F5F00F10054CA9B /* AppDelegate.swift */ = {isa = PBXFileReference; lastKnownFileType = sourcecode.swift; path = AppDelegate.swift; sourceTree = "<group>"; };
		97AB70B31F5F00F10054CA9B /* Base */ = {isa = PBXFileReference; lastKnownFileType = file.storyboard; name = Base; path = Base.lproj/Main.storyboard; sourceTree = "<group>"; };
		97AB70B51F5F00F10054CA9B /* Assets.xcassets */ = {isa = PBXFileReference; lastKnownFileType = folder.assetcatalog; path = Assets.xcassets; sourceTree = "<group>"; };
		97AB70B81F5F00F10054CA9B /* Base */ = {isa = PBXFileReference; lastKnownFileType = file.storyboard; name = Base; path = Base.lproj/LaunchScreen.storyboard; sourceTree = "<group>"; };
		97AB70BA1F5F00F10054CA9B /* Info.plist */ = {isa = PBXFileReference; lastKnownFileType = text.plist.xml; path = Info.plist; sourceTree = "<group>"; };
		97AB70C01F5F02270054CA9B /* GoogleService-Info.plist */ = {isa = PBXFileReference; fileEncoding = 4; lastKnownFileType = text.plist.xml; path = "GoogleService-Info.plist"; sourceTree = "<group>"; };
		97AB70C71F5F038C0054CA9B /* UserService.swift */ = {isa = PBXFileReference; fileEncoding = 4; lastKnownFileType = sourcecode.swift; name = UserService.swift; path = Services/UserService.swift; sourceTree = "<group>"; };
		97AB70C91F5F03B10054CA9B /* AuthViewController.swift */ = {isa = PBXFileReference; fileEncoding = 4; lastKnownFileType = sourcecode.swift; name = AuthViewController.swift; path = Controllers/AuthViewController.swift; sourceTree = "<group>"; };
		97AB70CB1F5F044D0054CA9B /* FirebasePaths.swift */ = {isa = PBXFileReference; fileEncoding = 4; lastKnownFileType = sourcecode.swift; name = FirebasePaths.swift; path = Services/FirebasePaths.swift; sourceTree = "<group>"; };
		97AB70CD1F5F05B00054CA9B /* HomeViewController.swift */ = {isa = PBXFileReference; fileEncoding = 4; lastKnownFileType = sourcecode.swift; name = HomeViewController.swift; path = Controllers/HomeViewController.swift; sourceTree = "<group>"; };
		97AB70CF1F5F08310054CA9B /* NewMessageViewController.swift */ = {isa = PBXFileReference; fileEncoding = 4; lastKnownFileType = sourcecode.swift; name = NewMessageViewController.swift; path = Controllers/NewMessageViewController.swift; sourceTree = "<group>"; };
		97AB70D11F5F09A10054CA9B /* ChatViewController.swift */ = {isa = PBXFileReference; fileEncoding = 4; lastKnownFileType = sourcecode.swift; name = ChatViewController.swift; path = Controllers/ChatViewController.swift; sourceTree = "<group>"; };
		97AB70D31F5F0DAA0054CA9B /* User.swift */ = {isa = PBXFileReference; fileEncoding = 4; lastKnownFileType = sourcecode.swift; name = User.swift; path = Models/User.swift; sourceTree = "<group>"; };
		97AB70D51F5F32560054CA9B /* Message.swift */ = {isa = PBXFileReference; fileEncoding = 4; lastKnownFileType = sourcecode.swift; name = Message.swift; path = Models/Message.swift; sourceTree = "<group>"; };
		97AB70D71F5F32EF0054CA9B /* MessageService.swift */ = {isa = PBXFileReference; fileEncoding = 4; lastKnownFileType = sourcecode.swift; name = MessageService.swift; path = Services/MessageService.swift; sourceTree = "<group>"; };
		97AB70D91F5F406B0054CA9B /* ChatCell.swift */ = {isa = PBXFileReference; fileEncoding = 4; lastKnownFileType = sourcecode.swift; name = ChatCell.swift; path = Views/ChatCell.swift; sourceTree = "<group>"; };
		B3063C6CF59D91650E1F71FE /* Pods-FirebaseChatDF.debug.xcconfig */ = {isa = PBXFileReference; includeInIndex = 1; lastKnownFileType = text.xcconfig; name = "Pods-FirebaseChatDF.debug.xcconfig"; path = "Pods/Target Support Files/Pods-FirebaseChatDF/Pods-FirebaseChatDF.debug.xcconfig"; sourceTree = "<group>"; };
/* End PBXFileReference section */

/* Begin PBXFrameworksBuildPhase section */
		97AB70A81F5F00F10054CA9B /* Frameworks */ = {
			isa = PBXFrameworksBuildPhase;
			buildActionMask = 2147483647;
			files = (
				98287672D5184AC74C77D14B /* Pods_FirebaseChatDF.framework in Frameworks */,
			);
			runOnlyForDeploymentPostprocessing = 0;
		};
/* End PBXFrameworksBuildPhase section */

/* Begin PBXGroup section */
		97AB70A21F5F00F10054CA9B = {
			isa = PBXGroup;
			children = (
				97AB70AD1F5F00F10054CA9B /* FirebaseChatDF */,
				97AB70AC1F5F00F10054CA9B /* Products */,
				E44284FA632AD1977FCEBEE5 /* Pods */,
				D3E45E5D1E977C5F1C2D6EF9 /* Frameworks */,
			);
			sourceTree = "<group>";
		};
		97AB70AC1F5F00F10054CA9B /* Products */ = {
			isa = PBXGroup;
			children = (
				97AB70AB1F5F00F10054CA9B /* FirebaseChatDF.app */,
			);
			name = Products;
			sourceTree = "<group>";
		};
		97AB70AD1F5F00F10054CA9B /* FirebaseChatDF */ = {
			isa = PBXGroup;
			children = (
				97AB70C61F5F03660054CA9B /* Resources */,
				97AB70C51F5F035A0054CA9B /* Views */,
				97AB70C41F5F03500054CA9B /* Controllers */,
				97AB70C31F5F034B0054CA9B /* Models */,
				97AB70C21F5F03470054CA9B /* Services */,
				97AB70AE1F5F00F10054CA9B /* AppDelegate.swift */,
				97AB70BA1F5F00F10054CA9B /* Info.plist */,
				97AB70C01F5F02270054CA9B /* GoogleService-Info.plist */,
			);
			path = FirebaseChatDF;
			sourceTree = "<group>";
		};
		97AB70C21F5F03470054CA9B /* Services */ = {
			isa = PBXGroup;
			children = (
				97AB70CB1F5F044D0054CA9B /* FirebasePaths.swift */,
				97AB70C71F5F038C0054CA9B /* UserService.swift */,
				97AB70D71F5F32EF0054CA9B /* MessageService.swift */,
			);
			name = Services;
			sourceTree = "<group>";
		};
		97AB70C31F5F034B0054CA9B /* Models */ = {
			isa = PBXGroup;
			children = (
				97AB70D31F5F0DAA0054CA9B /* User.swift */,
				97AB70D51F5F32560054CA9B /* Message.swift */,
			);
			name = Models;
			sourceTree = "<group>";
		};
		97AB70C41F5F03500054CA9B /* Controllers */ = {
			isa = PBXGroup;
			children = (
				97AB70C91F5F03B10054CA9B /* AuthViewController.swift */,
				97AB70CD1F5F05B00054CA9B /* HomeViewController.swift */,
				97AB70CF1F5F08310054CA9B /* NewMessageViewController.swift */,
				97AB70D11F5F09A10054CA9B /* ChatViewController.swift */,
			);
			name = Controllers;
			sourceTree = "<group>";
		};
		97AB70C51F5F035A0054CA9B /* Views */ = {
			isa = PBXGroup;
			children = (
				97AB70B71F5F00F10054CA9B /* LaunchScreen.storyboard */,
				97AB70B21F5F00F10054CA9B /* Main.storyboard */,
				9738E4401F604B4400E61D16 /* HomeCell.swift */,
				97AB70D91F5F406B0054CA9B /* ChatCell.swift */,
			);
			name = Views;
			sourceTree = "<group>";
		};
		97AB70C61F5F03660054CA9B /* Resources */ = {
			isa = PBXGroup;
			children = (
				97AB70B51F5F00F10054CA9B /* Assets.xcassets */,
			);
			name = Resources;
			sourceTree = "<group>";
		};
		D3E45E5D1E977C5F1C2D6EF9 /* Frameworks */ = {
			isa = PBXGroup;
			children = (
				2308B3D84268E5A8CD44DF11 /* Pods_FirebaseChatDF.framework */,
			);
			name = Frameworks;
			sourceTree = "<group>";
		};
		E44284FA632AD1977FCEBEE5 /* Pods */ = {
			isa = PBXGroup;
			children = (
				B3063C6CF59D91650E1F71FE /* Pods-FirebaseChatDF.debug.xcconfig */,
				6CACEEE7A0D4A392812AA809 /* Pods-FirebaseChatDF.release.xcconfig */,
			);
			name = Pods;
			sourceTree = "<group>";
		};
/* End PBXGroup section */

/* Begin PBXNativeTarget section */
		97AB70AA1F5F00F10054CA9B /* FirebaseChatDF */ = {
			isa = PBXNativeTarget;
			buildConfigurationList = 97AB70BD1F5F00F10054CA9B /* Build configuration list for PBXNativeTarget "FirebaseChatDF" */;
			buildPhases = (
				D68E615DE3615F4243EFDE37 /* [CP] Check Pods Manifest.lock */,
				97AB70A71F5F00F10054CA9B /* Sources */,
				97AB70A81F5F00F10054CA9B /* Frameworks */,
				97AB70A91F5F00F10054CA9B /* Resources */,
				083A36192D50AE3AEB054551 /* [CP] Embed Pods Frameworks */,
				2F631265EB880F9DB6A7FFCD /* [CP] Copy Pods Resources */,
			);
			buildRules = (
			);
			dependencies = (
			);
			name = FirebaseChatDF;
			productName = FirebaseChatDF;
			productReference = 97AB70AB1F5F00F10054CA9B /* FirebaseChatDF.app */;
			productType = "com.apple.product-type.application";
		};
/* End PBXNativeTarget section */

/* Begin PBXProject section */
		97AB70A31F5F00F10054CA9B /* Project object */ = {
			isa = PBXProject;
			attributes = {
				LastSwiftUpdateCheck = 0830;
				LastUpgradeCheck = 0830;
				ORGANIZATIONNAME = "Daniel Fernandez";
				TargetAttributes = {
					97AB70AA1F5F00F10054CA9B = {
						CreatedOnToolsVersion = 8.3.3;
						DevelopmentTeam = KL955RL3SL;
						ProvisioningStyle = Automatic;
					};
				};
			};
			buildConfigurationList = 97AB70A61F5F00F10054CA9B /* Build configuration list for PBXProject "FirebaseChatDF" */;
			compatibilityVersion = "Xcode 3.2";
			developmentRegion = English;
			hasScannedForEncodings = 0;
			knownRegions = (
				en,
				Base,
			);
			mainGroup = 97AB70A21F5F00F10054CA9B;
			productRefGroup = 97AB70AC1F5F00F10054CA9B /* Products */;
			projectDirPath = "";
			projectRoot = "";
			targets = (
				97AB70AA1F5F00F10054CA9B /* FirebaseChatDF */,
			);
		};
/* End PBXProject section */

/* Begin PBXResourcesBuildPhase section */
		97AB70A91F5F00F10054CA9B /* Resources */ = {
			isa = PBXResourcesBuildPhase;
			buildActionMask = 2147483647;
			files = (
				97AB70B91F5F00F10054CA9B /* LaunchScreen.storyboard in Resources */,
				97AB70C11F5F02270054CA9B /* GoogleService-Info.plist in Resources */,
				97AB70B61F5F00F10054CA9B /* Assets.xcassets in Resources */,
				97AB70B41F5F00F10054CA9B /* Main.storyboard in Resources */,
			);
			runOnlyForDeploymentPostprocessing = 0;
		};
/* End PBXResourcesBuildPhase section */

/* Begin PBXShellScriptBuildPhase section */
		083A36192D50AE3AEB054551 /* [CP] Embed Pods Frameworks */ = {
			isa = PBXShellScriptBuildPhase;
			buildActionMask = 2147483647;
			files = (
			);
			inputPaths = (
			);
			name = "[CP] Embed Pods Frameworks";
			outputPaths = (
			);
			runOnlyForDeploymentPostprocessing = 0;
			shellPath = /bin/sh;
			shellScript = "\"${SRCROOT}/Pods/Target Support Files/Pods-FirebaseChatDF/Pods-FirebaseChatDF-frameworks.sh\"\n";
			showEnvVarsInLog = 0;
		};
		2F631265EB880F9DB6A7FFCD /* [CP] Copy Pods Resources */ = {
			isa = PBXShellScriptBuildPhase;
			buildActionMask = 2147483647;
			files = (
			);
			inputPaths = (
			);
			name = "[CP] Copy Pods Resources";
			outputPaths = (
			);
			runOnlyForDeploymentPostprocessing = 0;
			shellPath = /bin/sh;
			shellScript = "\"${SRCROOT}/Pods/Target Support Files/Pods-FirebaseChatDF/Pods-FirebaseChatDF-resources.sh\"\n";
			showEnvVarsInLog = 0;
		};
		D68E615DE3615F4243EFDE37 /* [CP] Check Pods Manifest.lock */ = {
			isa = PBXShellScriptBuildPhase;
			buildActionMask = 2147483647;
			files = (
			);
			inputPaths = (
			);
			name = "[CP] Check Pods Manifest.lock";
			outputPaths = (
			);
			runOnlyForDeploymentPostprocessing = 0;
			shellPath = /bin/sh;
			shellScript = "diff \"${PODS_ROOT}/../Podfile.lock\" \"${PODS_ROOT}/Manifest.lock\" > /dev/null\nif [ $? != 0 ] ; then\n    # print error to STDERR\n    echo \"error: The sandbox is not in sync with the Podfile.lock. Run 'pod install' or update your CocoaPods installation.\" >&2\n    exit 1\nfi\n";
			showEnvVarsInLog = 0;
		};
/* End PBXShellScriptBuildPhase section */

/* Begin PBXSourcesBuildPhase section */
		97AB70A71F5F00F10054CA9B /* Sources */ = {
			isa = PBXSourcesBuildPhase;
			buildActionMask = 2147483647;
			files = (
				97AB70CE1F5F05B00054CA9B /* HomeViewController.swift in Sources */,
				97AB70D01F5F08310054CA9B /* NewMessageViewController.swift in Sources */,
				97AB70DA1F5F406B0054CA9B /* ChatCell.swift in Sources */,
				97AB70AF1F5F00F10054CA9B /* AppDelegate.swift in Sources */,
				97AB70D61F5F32560054CA9B /* Message.swift in Sources */,
				97AB70D21F5F09A10054CA9B /* ChatViewController.swift in Sources */,
				97AB70D81F5F32EF0054CA9B /* MessageService.swift in Sources */,
				97AB70D41F5F0DAA0054CA9B /* User.swift in Sources */,
				97AB70CA1F5F03B10054CA9B /* AuthViewController.swift in Sources */,
				97AB70C81F5F038C0054CA9B /* UserService.swift in Sources */,
				9738E4411F604B4400E61D16 /* HomeCell.swift in Sources */,
				97AB70CC1F5F044D0054CA9B /* FirebasePaths.swift in Sources */,
			);
			runOnlyForDeploymentPostprocessing = 0;
		};
/* End PBXSourcesBuildPhase section */

/* Begin PBXVariantGroup section */
		97AB70B21F5F00F10054CA9B /* Main.storyboard */ = {
			isa = PBXVariantGroup;
			children = (
				97AB70B31F5F00F10054CA9B /* Base */,
			);
			name = Main.storyboard;
			sourceTree = "<group>";
		};
		97AB70B71F5F00F10054CA9B /* LaunchScreen.storyboard */ = {
			isa = PBXVariantGroup;
			children = (
				97AB70B81F5F00F10054CA9B /* Base */,
			);
			name = LaunchScreen.storyboard;
			sourceTree = "<group>";
		};
/* End PBXVariantGroup section */

/* Begin XCBuildConfiguration section */
		97AB70BB1F5F00F10054CA9B /* Debug */ = {
			isa = XCBuildConfiguration;
			buildSettings = {
				ALWAYS_SEARCH_USER_PATHS = NO;
				CLANG_ANALYZER_NONNULL = YES;
				CLANG_ANALYZER_NUMBER_OBJECT_CONVERSION = YES_AGGRESSIVE;
				CLANG_CXX_LANGUAGE_STANDARD = "gnu++0x";
				CLANG_CXX_LIBRARY = "libc++";
				CLANG_ENABLE_MODULES = YES;
				CLANG_ENABLE_OBJC_ARC = YES;
				CLANG_WARN_BOOL_CONVERSION = YES;
				CLANG_WARN_CONSTANT_CONVERSION = YES;
				CLANG_WARN_DIRECT_OBJC_ISA_USAGE = YES_ERROR;
				CLANG_WARN_DOCUMENTATION_COMMENTS = YES;
				CLANG_WARN_EMPTY_BODY = YES;
				CLANG_WARN_ENUM_CONVERSION = YES;
				CLANG_WARN_INFINITE_RECURSION = YES;
				CLANG_WARN_INT_CONVERSION = YES;
				CLANG_WARN_OBJC_ROOT_CLASS = YES_ERROR;
				CLANG_WARN_SUSPICIOUS_MOVE = YES;
				CLANG_WARN_UNREACHABLE_CODE = YES;
				CLANG_WARN__DUPLICATE_METHOD_MATCH = YES;
				"CODE_SIGN_IDENTITY[sdk=iphoneos*]" = "iPhone Developer";
				COPY_PHASE_STRIP = NO;
				DEBUG_INFORMATION_FORMAT = dwarf;
				ENABLE_STRICT_OBJC_MSGSEND = YES;
				ENABLE_TESTABILITY = YES;
				GCC_C_LANGUAGE_STANDARD = gnu99;
				GCC_DYNAMIC_NO_PIC = NO;
				GCC_NO_COMMON_BLOCKS = YES;
				GCC_OPTIMIZATION_LEVEL = 0;
				GCC_PREPROCESSOR_DEFINITIONS = (
					"DEBUG=1",
					"$(inherited)",
				);
				GCC_WARN_64_TO_32_BIT_CONVERSION = YES;
				GCC_WARN_ABOUT_RETURN_TYPE = YES_ERROR;
				GCC_WARN_UNDECLARED_SELECTOR = YES;
				GCC_WARN_UNINITIALIZED_AUTOS = YES_AGGRESSIVE;
				GCC_WARN_UNUSED_FUNCTION = YES;
				GCC_WARN_UNUSED_VARIABLE = YES;
				IPHONEOS_DEPLOYMENT_TARGET = 10.3;
				MTL_ENABLE_DEBUG_INFO = YES;
				ONLY_ACTIVE_ARCH = YES;
				SDKROOT = iphoneos;
				SWIFT_ACTIVE_COMPILATION_CONDITIONS = DEBUG;
				SWIFT_OPTIMIZATION_LEVEL = "-Onone";
			};
			name = Debug;
		};
		97AB70BC1F5F00F10054CA9B /* Release */ = {
			isa = XCBuildConfiguration;
			buildSettings = {
				ALWAYS_SEARCH_USER_PATHS = NO;
				CLANG_ANALYZER_NONNULL = YES;
				CLANG_ANALYZER_NUMBER_OBJECT_CONVERSION = YES_AGGRESSIVE;
				CLANG_CXX_LANGUAGE_STANDARD = "gnu++0x";
				CLANG_CXX_LIBRARY = "libc++";
				CLANG_ENABLE_MODULES = YES;
				CLANG_ENABLE_OBJC_ARC = YES;
				CLANG_WARN_BOOL_CONVERSION = YES;
				CLANG_WARN_CONSTANT_CONVERSION = YES;
				CLANG_WARN_DIRECT_OBJC_ISA_USAGE = YES_ERROR;
				CLANG_WARN_DOCUMENTATION_COMMENTS = YES;
				CLANG_WARN_EMPTY_BODY = YES;
				CLANG_WARN_ENUM_CONVERSION = YES;
				CLANG_WARN_INFINITE_RECURSION = YES;
				CLANG_WARN_INT_CONVERSION = YES;
				CLANG_WARN_OBJC_ROOT_CLASS = YES_ERROR;
				CLANG_WARN_SUSPICIOUS_MOVE = YES;
				CLANG_WARN_UNREACHABLE_CODE = YES;
				CLANG_WARN__DUPLICATE_METHOD_MATCH = YES;
				"CODE_SIGN_IDENTITY[sdk=iphoneos*]" = "iPhone Developer";
				COPY_PHASE_STRIP = NO;
				DEBUG_INFORMATION_FORMAT = "dwarf-with-dsym";
				ENABLE_NS_ASSERTIONS = NO;
				ENABLE_STRICT_OBJC_MSGSEND = YES;
				GCC_C_LANGUAGE_STANDARD = gnu99;
				GCC_NO_COMMON_BLOCKS = YES;
				GCC_WARN_64_TO_32_BIT_CONVERSION = YES;
				GCC_WARN_ABOUT_RETURN_TYPE = YES_ERROR;
				GCC_WARN_UNDECLARED_SELECTOR = YES;
				GCC_WARN_UNINITIALIZED_AUTOS = YES_AGGRESSIVE;
				GCC_WARN_UNUSED_FUNCTION = YES;
				GCC_WARN_UNUSED_VARIABLE = YES;
				IPHONEOS_DEPLOYMENT_TARGET = 10.3;
				MTL_ENABLE_DEBUG_INFO = NO;
				SDKROOT = iphoneos;
				SWIFT_OPTIMIZATION_LEVEL = "-Owholemodule";
				VALIDATE_PRODUCT = YES;
			};
			name = Release;
		};
		97AB70BE1F5F00F10054CA9B /* Debug */ = {
			isa = XCBuildConfiguration;
			baseConfigurationReference = B3063C6CF59D91650E1F71FE /* Pods-FirebaseChatDF.debug.xcconfig */;
			buildSettings = {
				ASSETCATALOG_COMPILER_APPICON_NAME = AppIcon;
				DEVELOPMENT_TEAM = KL955RL3SL;
				INFOPLIST_FILE = FirebaseChatDF/Info.plist;
				LD_RUNPATH_SEARCH_PATHS = "$(inherited) @executable_path/Frameworks";
				PRODUCT_BUNDLE_IDENTIFIER = com.tektonlabs.FirebaseChatDF;
				PRODUCT_NAME = "$(TARGET_NAME)";
				SWIFT_VERSION = 3.0;
			};
			name = Debug;
		};
		97AB70BF1F5F00F10054CA9B /* Release */ = {
			isa = XCBuildConfiguration;
			baseConfigurationReference = 6CACEEE7A0D4A392812AA809 /* Pods-FirebaseChatDF.release.xcconfig */;
			buildSettings = {
				ASSETCATALOG_COMPILER_APPICON_NAME = AppIcon;
				DEVELOPMENT_TEAM = KL955RL3SL;
				INFOPLIST_FILE = FirebaseChatDF/Info.plist;
				LD_RUNPATH_SEARCH_PATHS = "$(inherited) @executable_path/Frameworks";
				PRODUCT_BUNDLE_IDENTIFIER = com.tektonlabs.FirebaseChatDF;
				PRODUCT_NAME = "$(TARGET_NAME)";
				SWIFT_VERSION = 3.0;
			};
			name = Release;
		};
/* End XCBuildConfiguration section */

/* Begin XCConfigurationList section */
		97AB70A61F5F00F10054CA9B /* Build configuration list for PBXProject "FirebaseChatDF" */ = {
			isa = XCConfigurationList;
			buildConfigurations = (
				97AB70BB1F5F00F10054CA9B /* Debug */,
				97AB70BC1F5F00F10054CA9B /* Release */,
			);
			defaultConfigurationIsVisible = 0;
			defaultConfigurationName = Release;
		};
		97AB70BD1F5F00F10054CA9B /* Build configuration list for PBXNativeTarget "FirebaseChatDF" */ = {
			isa = XCConfigurationList;
			buildConfigurations = (
				97AB70BE1F5F00F10054CA9B /* Debug */,
				97AB70BF1F5F00F10054CA9B /* Release */,
			);
			defaultConfigurationIsVisible = 0;
			defaultConfigurationName = Release;
		};
/* End XCConfigurationList section */
	};
	rootObject = 97AB70A31F5F00F10054CA9B /* Project object */;
}
